
Microsoft Visual Studio Solution File, Format Version 12.00
# Visual Studio 15
VisualStudioVersion = 15.0.26430.14
MinimumVisualStudioVersion = 10.0.40219.1
Project("{FAE04EC0-301F-11D3-BF4B-00C04F79EFBC}") = "UnitTests", "UnitTests\UnitTests.csproj", "{5894A15A-BBF5-4003-90F8-5C984064D664}"
EndProject
Project("{FAE04EC0-301F-11D3-BF4B-00C04F79EFBC}") = "Benchmarking", "Benchmarking\Benchmarking.csproj", "{7999797D-4DF7-4E86-93E1-2F517063C624}"
EndProject
Project("{2150E333-8FDC-42A3-9474-1A3956D46DE8}") = "Solution Items", "Solution Items", "{3BAC4B4F-3D31-4432-B654-E8137D8FACCB}"
	ProjectSection(SolutionItems) = preProject
		README.md = README.md
	EndProjectSection
EndProject
Project("{9A19103F-16F7-4668-BE54-9A1E7A4F7556}") = "BusterWood.Collections", "BusterWood.Collections\BusterWood.Collections.csproj", "{36A7250B-EFBF-4E10-968F-D684D071D918}"
EndProject
Project("{D954291E-2A0B-460D-934E-DC6B0785DB48}") = "Shared.BusterWood.Collections", "Shared.BusterWood.Collections\Shared.BusterWood.Collections.shproj", "{D45BF372-4DE5-4C15-AF87-7B36EDC3AE7F}"
EndProject
Global
	GlobalSection(SharedMSBuildProjectFiles) = preSolution
		Shared.BusterWood.Collections\Shared.BusterWood.Collections.projitems*{d45bf372-4de5-4c15-af87-7b36edc3ae7f}*SharedItemsImports = 13
	EndGlobalSection
	GlobalSection(SolutionConfigurationPlatforms) = preSolution
		Debug|Any CPU = Debug|Any CPU
		Release|Any CPU = Release|Any CPU
	EndGlobalSection
	GlobalSection(ProjectConfigurationPlatforms) = postSolution
		{5894A15A-BBF5-4003-90F8-5C984064D664}.Debug|Any CPU.ActiveCfg = Debug|Any CPU
		{5894A15A-BBF5-4003-90F8-5C984064D664}.Debug|Any CPU.Build.0 = Debug|Any CPU
		{5894A15A-BBF5-4003-90F8-5C984064D664}.Release|Any CPU.ActiveCfg = Release|Any CPU
		{5894A15A-BBF5-4003-90F8-5C984064D664}.Release|Any CPU.Build.0 = Release|Any CPU
		{7999797D-4DF7-4E86-93E1-2F517063C624}.Debug|Any CPU.ActiveCfg = Debug|Any CPU
		{7999797D-4DF7-4E86-93E1-2F517063C624}.Debug|Any CPU.Build.0 = Debug|Any CPU
		{7999797D-4DF7-4E86-93E1-2F517063C624}.Release|Any CPU.ActiveCfg = Release|Any CPU
		{7999797D-4DF7-4E86-93E1-2F517063C624}.Release|Any CPU.Build.0 = Release|Any CPU
		{36A7250B-EFBF-4E10-968F-D684D071D918}.Debug|Any CPU.ActiveCfg = Debug|Any CPU
		{36A7250B-EFBF-4E10-968F-D684D071D918}.Debug|Any CPU.Build.0 = Debug|Any CPU
		{36A7250B-EFBF-4E10-968F-D684D071D918}.Release|Any CPU.ActiveCfg = Release|Any CPU
		{36A7250B-EFBF-4E10-968F-D684D071D918}.Release|Any CPU.Build.0 = Release|Any CPU
	EndGlobalSection
	GlobalSection(SolutionProperties) = preSolution
		HideSolutionNode = FALSE
	EndGlobalSection
EndGlobal
